
Microsoft Visual Studio Solution File, Format Version 12.00
# Visual Studio Version 17
VisualStudioVersion = 17.6.33815.320
MinimumVisualStudioVersion = 10.0.40219.1
Project("{FAE04EC0-301F-11D3-BF4B-00C04F79EFBC}") = "WebApplication4", "WebApplication4\WebApplication4.csproj", "{DC5600BB-2A4F-40B3-8AD9-C12CB45EB355}"
EndProject
Global
	GlobalSection(SolutionConfigurationPlatforms) = preSolution
		Debug|Any CPU = Debug|Any CPU
		Release|Any CPU = Release|Any CPU
	EndGlobalSection
	GlobalSection(ProjectConfigurationPlatforms) = postSolution
		{DC5600BB-2A4F-40B3-8AD9-C12CB45EB355}.Debug|Any CPU.ActiveCfg = Debug|Any CPU
		{DC5600BB-2A4F-40B3-8AD9-C12CB45EB355}.Debug|Any CPU.Build.0 = Debug|Any CPU
		{DC5600BB-2A4F-40B3-8AD9-C12CB45EB355}.Release|Any CPU.ActiveCfg = Release|Any CPU
		{DC5600BB-2A4F-40B3-8AD9-C12CB45EB355}.Release|Any CPU.Build.0 = Release|Any CPU
	EndGlobalSection
	GlobalSection(SolutionProperties) = preSolution
		HideSolutionNode = FALSE
	EndGlobalSection
	GlobalSection(ExtensibilityGlobals) = postSolution
		SolutionGuid = {A20CD872-08ED-4FEC-83FE-B0EE23A9D94D}
	EndGlobalSection
EndGlobal
